<?xml version="1.0" encoding="utf-8"?>
<Project ToolsVersion="4.0" xmlns="http://schemas.microsoft.com/developer/msbuild/2003">
  <ItemGroup>
    <Filter Include="Source Files">
      <UniqueIdentifier>{4FC737F1-C7A5-4376-A066-2A32D752A2FF}</UniqueIdentifier>
      <Extensions>cpp;c;cc;cxx;c++;cppm;ixx;def;odl;idl;hpj;bat;asm;asmx</Extensions>
    </Filter>
    <Filter Include="Header Files">
      <UniqueIdentifier>{93995380-89BD-4b04-88EB-625FBE52EBFB}</UniqueIdentifier>
      <Extensions>h;hh;hpp;hxx;h++;hm;inl;inc;ipp;xsd</Extensions>
    </Filter>
    <Filter Include="Resource Files">
      <UniqueIdentifier>{67DA6AB6-F800-4c08-8B7A-83BB121AAD01}</UniqueIdentifier>
      <Extensions>rc;ico;cur;bmp;dlg;rc2;rct;bin;rgs;gif;jpg;jpeg;jpe;resx;tiff;tif;png;wav;mfcribbon-ms</Extensions>
    </Filter>
  </ItemGroup>
  <ItemGroup>
    <ClCompile Include="main.cpp">
      <Filter>Source Files</Filter>
    </ClCompile>
    <ClCompile Include="source\Event\EventPollingManager.cpp">
      <Filter>Source Files</Filter>
    </ClCompile>
    <ClCompile Include="source\GameWindow\GameWindowManager.cpp">
      <Filter>Source Files</Filter>
    </ClCompile>
    <ClCompile Include="source\GameLoop\GameLoop.cpp">
      <Filter>Source Files</Filter>
    </ClCompile>
    <ClCompile Include="source\UI\SplashScreen\SplashScreenManager.cpp">
      <Filter>Source Files</Filter>
    </ClCompile>
    <ClCompile Include="source\Time\TimeManager.cpp">
      <Filter>Source Files</Filter>
    </ClCompile>
    <ClCompile Include="source\Sound\SoundManager.cpp">
      <Filter>Source Files</Filter>
    </ClCompile>
    <ClCompile Include="source\GameLoop\Gameplay\Board.cpp">
      <Filter>Source Files</Filter>
    </ClCompile>
    <ClCompile Include="source\GameLoop\Gameplay\GameplayManager.cpp">
      <Filter>Source Files</Filter>
    </ClCompile>
    <ClCompile Include="source\UI\UIElements\Button\Button.cpp">
      <Filter>Source Files</Filter>
    </ClCompile>
    <ClCompile Include="source\GameLoop\Gameplay\Cell.cpp">
      <Filter>Source Files</Filter>
    </ClCompile>
    <ClCompile Include="source\UI\GameplayUI\GameplayUI.cpp">
      <Filter>Source Files</Filter>
    </ClCompile>
  </ItemGroup>
  <ItemGroup>
    <ClInclude Include="header\Event\EventPollingManager.h">
      <Filter>Header Files</Filter>
    </ClInclude>
    <ClInclude Include="header\GameWindow\GameWindowManager.h">
      <Filter>Header Files</Filter>
    </ClInclude>
    <ClInclude Include="header\GameLoop\GameLoop.h">
      <Filter>Header Files</Filter>
    </ClInclude>
    <ClInclude Include="header\Time\TimeManager.h">
      <Filter>Header Files</Filter>
    </ClInclude>
    <ClInclude Include="header\Sound\SoundManager.h">
      <Filter>Header Files</Filter>
    </ClInclude>
    <ClInclude Include="header\UI\SplashScreen\SplashScreenManager.h">
      <Filter>Header Files</Filter>
    </ClInclude>
    <ClInclude Include="header\GameLoop\Gameplay\Board.h">
      <Filter>Header Files</Filter>
    </ClInclude>
    <ClInclude Include="header\GameLoop\Gameplay\GameplayManager.h">
      <Filter>Header Files</Filter>
    </ClInclude>
    <ClInclude Include="header\UI\UIElements\Button\Button.h">
      <Filter>Header Files</Filter>
    </ClInclude>
    <ClInclude Include="header\GameLoop\Gameplay\Cell.h">
      <Filter>Header Files</Filter>
    </ClInclude>
    <ClInclude Include="header\UI\GameplayUI\GameplayUI.h">
      <Filter>Header Files</Filter>
    </ClInclude>
  </ItemGroup>
</Project>